
Microsoft Visual Studio Solution File, Format Version 12.00
# Visual Studio Version 16
VisualStudioVersion = 16.0.29613.14
MinimumVisualStudioVersion = 10.0.40219.1
Project("{FAE04EC0-301F-11D3-BF4B-00C04F79EFBC}") = "ETOGO_CASINO", "ETOGO_CASINO.csproj", "{8B9A1692-DBE9-4659-86AD-9AAD6ACA1A07}"
EndProject
Global
	GlobalSection(SolutionConfigurationPlatforms) = preSolution
		Debug|Any CPU = Debug|Any CPU
		Release|Any CPU = Release|Any CPU
	EndGlobalSection
	GlobalSection(ProjectConfigurationPlatforms) = postSolution
		{8B9A1692-DBE9-4659-86AD-9AAD6ACA1A07}.Debug|Any CPU.ActiveCfg = Debug|Any CPU
		{8B9A1692-DBE9-4659-86AD-9AAD6ACA1A07}.Debug|Any CPU.Build.0 = Debug|Any CPU
		{8B9A1692-DBE9-4659-86AD-9AAD6ACA1A07}.Release|Any CPU.ActiveCfg = Release|Any CPU
		{8B9A1692-DBE9-4659-86AD-9AAD6ACA1A07}.Release|Any CPU.Build.0 = Release|Any CPU
	EndGlobalSection
	GlobalSection(SolutionProperties) = preSolution
		HideSolutionNode = FALSE
	EndGlobalSection
	GlobalSection(ExtensibilityGlobals) = postSolution
		SolutionGuid = {FE1B29D4-7149-4601-8A15-B413B17340D6}
	EndGlobalSection
EndGlobal
